
Microsoft Visual Studio Solution File, Format Version 12.00
# Visual Studio Version 16
VisualStudioVersion = 16.0.29806.167
MinimumVisualStudioVersion = 10.0.40219.1
Project("{2150E333-8FDC-42A3-9474-1A3956D46DE8}") = "Database", "Database", "{B336685C-8B9E-4859-A982-FB65900AD457}"
EndProject
Project("{2150E333-8FDC-42A3-9474-1A3956D46DE8}") = "WPF", "WPF", "{83D8AAB3-2ACE-4506-81C4-D19E9F6E6EC4}"
EndProject
Project("{2150E333-8FDC-42A3-9474-1A3956D46DE8}") = "API", "API", "{4F5AD4B0-47B2-4D36-B1C3-2E2235A3ED19}"
EndProject
Project("{FAE04EC0-301F-11D3-BF4B-00C04F79EFBC}") = "AGagarin.TestTask.DataManager", "AGagarin.TestTask.DataManager\AGagarin.TestTask.DataManager.csproj", "{4B74ED0A-BE22-45D3-A7F7-AD45FF567ED3}"
EndProject
Project("{00D1A9C2-B5F0-4AF3-8072-F6C62B433612}") = "AGagarin.TestTask.Data", "AGagarin.TestTask.Data\AGagarin.TestTask.Data.sqlproj", "{95B78153-80DF-4136-9758-1EA74C8EA99F}"
EndProject
Project("{FAE04EC0-301F-11D3-BF4B-00C04F79EFBC}") = "AGagarin.Test.Task.DataManager.Library", "AGagarin.Test.Task.DataManager.Library\AGagarin.Test.Task.DataManager.Library.csproj", "{2E598F2F-A2C3-45CE-8F55-EE1A7CB053F4}"
EndProject
Project("{FAE04EC0-301F-11D3-BF4B-00C04F79EFBC}") = "AGagarin.TestTask.DesktopUI", "AGagarin.TestTask.DesktopUI\AGagarin.TestTask.DesktopUI.csproj", "{E019FAE9-AC81-4194-8F0D-1C2C5B963F79}"
EndProject
Project("{FAE04EC0-301F-11D3-BF4B-00C04F79EFBC}") = "AGagarin.TestTask.DesktopUI.Library", "AGagarin.TestTask.DesktopUI.Library\AGagarin.TestTask.DesktopUI.Library.csproj", "{A8D0DA20-62DA-44D2-862A-BD8E5B1244A9}"
EndProject
Global
	GlobalSection(SolutionConfigurationPlatforms) = preSolution
		Debug|Any CPU = Debug|Any CPU
		Release|Any CPU = Release|Any CPU
	EndGlobalSection
	GlobalSection(ProjectConfigurationPlatforms) = postSolution
		{4B74ED0A-BE22-45D3-A7F7-AD45FF567ED3}.Debug|Any CPU.ActiveCfg = Debug|Any CPU
		{4B74ED0A-BE22-45D3-A7F7-AD45FF567ED3}.Debug|Any CPU.Build.0 = Debug|Any CPU
		{4B74ED0A-BE22-45D3-A7F7-AD45FF567ED3}.Release|Any CPU.ActiveCfg = Release|Any CPU
		{4B74ED0A-BE22-45D3-A7F7-AD45FF567ED3}.Release|Any CPU.Build.0 = Release|Any CPU
		{95B78153-80DF-4136-9758-1EA74C8EA99F}.Debug|Any CPU.ActiveCfg = Debug|Any CPU
		{95B78153-80DF-4136-9758-1EA74C8EA99F}.Debug|Any CPU.Build.0 = Debug|Any CPU
		{95B78153-80DF-4136-9758-1EA74C8EA99F}.Debug|Any CPU.Deploy.0 = Debug|Any CPU
		{95B78153-80DF-4136-9758-1EA74C8EA99F}.Release|Any CPU.ActiveCfg = Release|Any CPU
		{95B78153-80DF-4136-9758-1EA74C8EA99F}.Release|Any CPU.Build.0 = Release|Any CPU
		{95B78153-80DF-4136-9758-1EA74C8EA99F}.Release|Any CPU.Deploy.0 = Release|Any CPU
		{2E598F2F-A2C3-45CE-8F55-EE1A7CB053F4}.Debug|Any CPU.ActiveCfg = Debug|Any CPU
		{2E598F2F-A2C3-45CE-8F55-EE1A7CB053F4}.Debug|Any CPU.Build.0 = Debug|Any CPU
		{2E598F2F-A2C3-45CE-8F55-EE1A7CB053F4}.Release|Any CPU.ActiveCfg = Release|Any CPU
		{2E598F2F-A2C3-45CE-8F55-EE1A7CB053F4}.Release|Any CPU.Build.0 = Release|Any CPU
		{E019FAE9-AC81-4194-8F0D-1C2C5B963F79}.Debug|Any CPU.ActiveCfg = Debug|Any CPU
		{E019FAE9-AC81-4194-8F0D-1C2C5B963F79}.Debug|Any CPU.Build.0 = Debug|Any CPU
		{E019FAE9-AC81-4194-8F0D-1C2C5B963F79}.Release|Any CPU.ActiveCfg = Release|Any CPU
		{E019FAE9-AC81-4194-8F0D-1C2C5B963F79}.Release|Any CPU.Build.0 = Release|Any CPU
		{A8D0DA20-62DA-44D2-862A-BD8E5B1244A9}.Debug|Any CPU.ActiveCfg = Debug|Any CPU
		{A8D0DA20-62DA-44D2-862A-BD8E5B1244A9}.Debug|Any CPU.Build.0 = Debug|Any CPU
		{A8D0DA20-62DA-44D2-862A-BD8E5B1244A9}.Release|Any CPU.ActiveCfg = Release|Any CPU
		{A8D0DA20-62DA-44D2-862A-BD8E5B1244A9}.Release|Any CPU.Build.0 = Release|Any CPU
	EndGlobalSection
	GlobalSection(SolutionProperties) = preSolution
		HideSolutionNode = FALSE
	EndGlobalSection
	GlobalSection(NestedProjects) = preSolution
		{4B74ED0A-BE22-45D3-A7F7-AD45FF567ED3} = {4F5AD4B0-47B2-4D36-B1C3-2E2235A3ED19}
		{95B78153-80DF-4136-9758-1EA74C8EA99F} = {B336685C-8B9E-4859-A982-FB65900AD457}
		{2E598F2F-A2C3-45CE-8F55-EE1A7CB053F4} = {4F5AD4B0-47B2-4D36-B1C3-2E2235A3ED19}
		{E019FAE9-AC81-4194-8F0D-1C2C5B963F79} = {83D8AAB3-2ACE-4506-81C4-D19E9F6E6EC4}
		{A8D0DA20-62DA-44D2-862A-BD8E5B1244A9} = {83D8AAB3-2ACE-4506-81C4-D19E9F6E6EC4}
	EndGlobalSection
	GlobalSection(ExtensibilityGlobals) = postSolution
		SolutionGuid = {7405FEF1-2E32-4C78-8D9F-0DD6B7C6FFA6}
	EndGlobalSection
EndGlobal
